
Microsoft Visual Studio Solution File, Format Version 12.00
# Visual Studio Version 16
VisualStudioVersion = 16.0.31129.286
MinimumVisualStudioVersion = 10.0.40219.1
Project("{FAE04EC0-301F-11D3-BF4B-00C04F79EFBC}") = "LIBUtil", "LIBUtil\LIBUtil.csproj", "{23013BFC-021E-426A-8A92-8C1C34836974}"
EndProject
Project("{FAE04EC0-301F-11D3-BF4B-00C04F79EFBC}") = "LIBWebControls", "LIBWebControls\LIBWebControls.csproj", "{EF1C7C4E-8C17-46D4-AF2F-388B117DD212}"
EndProject
Project("{FAE04EC0-301F-11D3-BF4B-00C04F79EFBC}") = "LIBExcel", "LIBExcel\LIBExcel.csproj", "{7BF31C6F-AE56-4D77-AA71-13C994D21AEB}"
EndProject
Global
	GlobalSection(SolutionConfigurationPlatforms) = preSolution
		Debug|Any CPU = Debug|Any CPU
		Release|Any CPU = Release|Any CPU
	EndGlobalSection
	GlobalSection(ProjectConfigurationPlatforms) = postSolution
		{23013BFC-021E-426A-8A92-8C1C34836974}.Debug|Any CPU.ActiveCfg = Debug|Any CPU
		{23013BFC-021E-426A-8A92-8C1C34836974}.Debug|Any CPU.Build.0 = Debug|Any CPU
		{23013BFC-021E-426A-8A92-8C1C34836974}.Release|Any CPU.ActiveCfg = Release|Any CPU
		{23013BFC-021E-426A-8A92-8C1C34836974}.Release|Any CPU.Build.0 = Release|Any CPU
		{EF1C7C4E-8C17-46D4-AF2F-388B117DD212}.Debug|Any CPU.ActiveCfg = Debug|Any CPU
		{EF1C7C4E-8C17-46D4-AF2F-388B117DD212}.Debug|Any CPU.Build.0 = Debug|Any CPU
		{EF1C7C4E-8C17-46D4-AF2F-388B117DD212}.Release|Any CPU.ActiveCfg = Release|Any CPU
		{EF1C7C4E-8C17-46D4-AF2F-388B117DD212}.Release|Any CPU.Build.0 = Release|Any CPU
		{7BF31C6F-AE56-4D77-AA71-13C994D21AEB}.Debug|Any CPU.ActiveCfg = Debug|Any CPU
		{7BF31C6F-AE56-4D77-AA71-13C994D21AEB}.Debug|Any CPU.Build.0 = Debug|Any CPU
		{7BF31C6F-AE56-4D77-AA71-13C994D21AEB}.Release|Any CPU.ActiveCfg = Release|Any CPU
		{7BF31C6F-AE56-4D77-AA71-13C994D21AEB}.Release|Any CPU.Build.0 = Release|Any CPU
	EndGlobalSection
	GlobalSection(SolutionProperties) = preSolution
		HideSolutionNode = FALSE
	EndGlobalSection
	GlobalSection(ExtensibilityGlobals) = postSolution
		SolutionGuid = {B43F1675-15BE-425D-BC70-B502056845E4}
	EndGlobalSection
EndGlobal
